// !$*UTF8*$!
{
	archiveVersion = 1;
	classes = {
	};
	objectVersion = 77;
	objects = {

/* Begin PBXBuildFile section */
		A58BBE8F2D945BBF007EEACE /* FieldMateLiveActivityExtension.appex in Embed Foundation Extensions */ = {isa = PBXBuildFile; fileRef = A58BBE792D945BBE007EEACE /* FieldMateLiveActivityExtension.appex */; settings = {ATTRIBUTES = (RemoveHeadersOnCopy, ); }; };
		A58BBE992D9461FD007EEACE /* SwiftUI.framework in Frameworks */ = {isa = PBXBuildFile; fileRef = A58BBE7D2D945BBF007EEACE /* SwiftUI.framework */; };
		A58BBE9A2D9461FD007EEACE /* SwiftUI.framework in Embed Frameworks */ = {isa = PBXBuildFile; fileRef = A58BBE7D2D945BBF007EEACE /* SwiftUI.framework */; settings = {ATTRIBUTES = (CodeSignOnCopy, RemoveHeadersOnCopy, ); }; };
		A58BBE9C2D9461FE007EEACE /* WidgetKit.framework in Frameworks */ = {isa = PBXBuildFile; fileRef = A58BBE7B2D945BBE007EEACE /* WidgetKit.framework */; };
		A58BBE9D2D9461FE007EEACE /* WidgetKit.framework in Embed Frameworks */ = {isa = PBXBuildFile; fileRef = A58BBE7B2D945BBE007EEACE /* WidgetKit.framework */; settings = {ATTRIBUTES = (CodeSignOnCopy, RemoveHeadersOnCopy, ); }; };
		A5AC1BEA2D94B55B0029EB6D /* ActivityKit.framework in Frameworks */ = {isa = PBXBuildFile; fileRef = A5AC1BC42D94B1E20029EB6D /* ActivityKit.framework */; };
		A5AC1BEE2D94B6030029EB6D /* ActivityKit.framework in Frameworks */ = {isa = PBXBuildFile; fileRef = A5AC1BC42D94B1E20029EB6D /* ActivityKit.framework */; };
		A5AC1BEF2D94B6030029EB6D /* ActivityKit.framework in Embed Frameworks */ = {isa = PBXBuildFile; fileRef = A5AC1BC42D94B1E20029EB6D /* ActivityKit.framework */; settings = {ATTRIBUTES = (CodeSignOnCopy, RemoveHeadersOnCopy, ); }; };
/* End PBXBuildFile section */

/* Begin PBXContainerItemProxy section */
		A58BBE402D9445BF007EEACE /* PBXContainerItemProxy */ = {
			isa = PBXContainerItemProxy;
			containerPortal = A58BBE272D9445BE007EEACE /* Project object */;
			proxyType = 1;
			remoteGlobalIDString = A58BBE2E2D9445BE007EEACE;
			remoteInfo = FieldMateV2;
		};
		A58BBE4A2D9445BF007EEACE /* PBXContainerItemProxy */ = {
			isa = PBXContainerItemProxy;
			containerPortal = A58BBE272D9445BE007EEACE /* Project object */;
			proxyType = 1;
			remoteGlobalIDString = A58BBE2E2D9445BE007EEACE;
			remoteInfo = FieldMateV2;
		};
		A58BBE8D2D945BBF007EEACE /* PBXContainerItemProxy */ = {
			isa = PBXContainerItemProxy;
			containerPortal = A58BBE272D9445BE007EEACE /* Project object */;
			proxyType = 1;
			remoteGlobalIDString = A58BBE782D945BBE007EEACE;
			remoteInfo = FieldMateLiveActivityExtension;
		};
/* End PBXContainerItemProxy section */

/* Begin PBXCopyFilesBuildPhase section */
		A58BBE942D945BBF007EEACE /* Embed Foundation Extensions */ = {
			isa = PBXCopyFilesBuildPhase;
			buildActionMask = 2147483647;
			dstPath = "";
			dstSubfolderSpec = 13;
			files = (
				A58BBE8F2D945BBF007EEACE /* FieldMateLiveActivityExtension.appex in Embed Foundation Extensions */,
			);
			name = "Embed Foundation Extensions";
			runOnlyForDeploymentPostprocessing = 0;
		};
		A58BBE9B2D9461FD007EEACE /* Embed Frameworks */ = {
			isa = PBXCopyFilesBuildPhase;
			buildActionMask = 2147483647;
			dstPath = "";
			dstSubfolderSpec = 10;
			files = (
				A5AC1BEF2D94B6030029EB6D /* ActivityKit.framework in Embed Frameworks */,
				A58BBE9A2D9461FD007EEACE /* SwiftUI.framework in Embed Frameworks */,
				A58BBE9D2D9461FE007EEACE /* WidgetKit.framework in Embed Frameworks */,
			);
			name = "Embed Frameworks";
			runOnlyForDeploymentPostprocessing = 0;
		};
/* End PBXCopyFilesBuildPhase section */

/* Begin PBXFileReference section */
		A58BBE2F2D9445BE007EEACE /* FieldMateV2.app */ = {isa = PBXFileReference; explicitFileType = wrapper.application; includeInIndex = 0; path = FieldMateV2.app; sourceTree = BUILT_PRODUCTS_DIR; };
		A58BBE3F2D9445BF007EEACE /* FieldMateV2Tests.xctest */ = {isa = PBXFileReference; explicitFileType = wrapper.cfbundle; includeInIndex = 0; path = FieldMateV2Tests.xctest; sourceTree = BUILT_PRODUCTS_DIR; };
		A58BBE492D9445BF007EEACE /* FieldMateV2UITests.xctest */ = {isa = PBXFileReference; explicitFileType = wrapper.cfbundle; includeInIndex = 0; path = FieldMateV2UITests.xctest; sourceTree = BUILT_PRODUCTS_DIR; };
		A58BBE792D945BBE007EEACE /* FieldMateLiveActivityExtension.appex */ = {isa = PBXFileReference; explicitFileType = "wrapper.app-extension"; includeInIndex = 0; path = FieldMateLiveActivityExtension.appex; sourceTree = BUILT_PRODUCTS_DIR; };
		A58BBE7B2D945BBE007EEACE /* WidgetKit.framework */ = {isa = PBXFileReference; lastKnownFileType = wrapper.framework; name = WidgetKit.framework; path = System/Library/Frameworks/WidgetKit.framework; sourceTree = SDKROOT; };
		A58BBE7D2D945BBF007EEACE /* SwiftUI.framework */ = {isa = PBXFileReference; lastKnownFileType = wrapper.framework; name = SwiftUI.framework; path = System/Library/Frameworks/SwiftUI.framework; sourceTree = SDKROOT; };
		A5AC1BC42D94B1E20029EB6D /* ActivityKit.framework */ = {isa = PBXFileReference; lastKnownFileType = wrapper.framework; name = ActivityKit.framework; path = System/Library/Frameworks/ActivityKit.framework; sourceTree = SDKROOT; };
/* End PBXFileReference section */

/* Begin PBXFileSystemSynchronizedBuildFileExceptionSet section */
		41DCB6A72DA1657B00B62BBB /* Exceptions for "FieldMateV2" folder in "FieldMateLiveActivityExtension" target */ = {
			isa = PBXFileSystemSynchronizedBuildFileExceptionSet;
			membershipExceptions = (
				ColorTheme.swift,
				"Data/ FieldMateLiveActivityAttributes.swift",
				Views/LiveActivityView.swift,
			);
			target = A58BBE782D945BBE007EEACE /* FieldMateLiveActivityExtension */;
		};
		A58BBE5D2D944616007EEACE /* Exceptions for "FieldMateV2" folder in "FieldMateV2" target */ = {
			isa = PBXFileSystemSynchronizedBuildFileExceptionSet;
			membershipExceptions = (
				Info.plist,
				"Preview Content/Untitled.swift",
			);
			target = A58BBE2E2D9445BE007EEACE /* FieldMateV2 */;
		};
		A58BBE932D945BBF007EEACE /* Exceptions for "FieldMateLiveActivity" folder in "FieldMateLiveActivityExtension" target */ = {
			isa = PBXFileSystemSynchronizedBuildFileExceptionSet;
			membershipExceptions = (
				Info.plist,
			);
			target = A58BBE782D945BBE007EEACE /* FieldMateLiveActivityExtension */;
		};
/* End PBXFileSystemSynchronizedBuildFileExceptionSet section */

/* Begin PBXFileSystemSynchronizedRootGroup section */
		A58BBE312D9445BE007EEACE /* FieldMateV2 */ = {
			isa = PBXFileSystemSynchronizedRootGroup;
			exceptions = (
				A58BBE5D2D944616007EEACE /* Exceptions for "FieldMateV2" folder in "FieldMateV2" target */,
				41DCB6A72DA1657B00B62BBB /* Exceptions for "FieldMateV2" folder in "FieldMateLiveActivityExtension" target */,
			);
			path = FieldMateV2;
			sourceTree = "<group>";
		};
		A58BBE422D9445BF007EEACE /* FieldMateV2Tests */ = {
			isa = PBXFileSystemSynchronizedRootGroup;
			path = FieldMateV2Tests;
			sourceTree = "<group>";
		};
		A58BBE4C2D9445BF007EEACE /* FieldMateV2UITests */ = {
			isa = PBXFileSystemSynchronizedRootGroup;
			path = FieldMateV2UITests;
			sourceTree = "<group>";
		};
		A58BBE7F2D945BBF007EEACE /* FieldMateLiveActivity */ = {
			isa = PBXFileSystemSynchronizedRootGroup;
			exceptions = (
				A58BBE932D945BBF007EEACE /* Exceptions for "FieldMateLiveActivity" folder in "FieldMateLiveActivityExtension" target */,
			);
			path = FieldMateLiveActivity;
			sourceTree = "<group>";
		};
/* End PBXFileSystemSynchronizedRootGroup section */

/* Begin PBXFrameworksBuildPhase section */
		A58BBE2C2D9445BE007EEACE /* Frameworks */ = {
			isa = PBXFrameworksBuildPhase;
			buildActionMask = 2147483647;
			files = (
				A5AC1BEA2D94B55B0029EB6D /* ActivityKit.framework in Frameworks */,
			);
			runOnlyForDeploymentPostprocessing = 0;
		};
		A58BBE3C2D9445BF007EEACE /* Frameworks */ = {
			isa = PBXFrameworksBuildPhase;
			buildActionMask = 2147483647;
			files = (
			);
			runOnlyForDeploymentPostprocessing = 0;
		};
		A58BBE462D9445BF007EEACE /* Frameworks */ = {
			isa = PBXFrameworksBuildPhase;
			buildActionMask = 2147483647;
			files = (
			);
			runOnlyForDeploymentPostprocessing = 0;
		};
		A58BBE762D945BBE007EEACE /* Frameworks */ = {
			isa = PBXFrameworksBuildPhase;
			buildActionMask = 2147483647;
			files = (
				A5AC1BEE2D94B6030029EB6D /* ActivityKit.framework in Frameworks */,
				A58BBE992D9461FD007EEACE /* SwiftUI.framework in Frameworks */,
				A58BBE9C2D9461FE007EEACE /* WidgetKit.framework in Frameworks */,
			);
			runOnlyForDeploymentPostprocessing = 0;
		};
/* End PBXFrameworksBuildPhase section */

/* Begin PBXGroup section */
		A58BBE262D9445BE007EEACE = {
			isa = PBXGroup;
			children = (
				A58BBE312D9445BE007EEACE /* FieldMateV2 */,
				A58BBE422D9445BF007EEACE /* FieldMateV2Tests */,
				A58BBE4C2D9445BF007EEACE /* FieldMateV2UITests */,
				A58BBE7F2D945BBF007EEACE /* FieldMateLiveActivity */,
				A58BBE7A2D945BBE007EEACE /* Frameworks */,
				A58BBE302D9445BE007EEACE /* Products */,
			);
			sourceTree = "<group>";
		};
		A58BBE302D9445BE007EEACE /* Products */ = {
			isa = PBXGroup;
			children = (
				A58BBE2F2D9445BE007EEACE /* FieldMateV2.app */,
				A58BBE3F2D9445BF007EEACE /* FieldMateV2Tests.xctest */,
				A58BBE492D9445BF007EEACE /* FieldMateV2UITests.xctest */,
				A58BBE792D945BBE007EEACE /* FieldMateLiveActivityExtension.appex */,
			);
			name = Products;
			sourceTree = "<group>";
		};
		A58BBE7A2D945BBE007EEACE /* Frameworks */ = {
			isa = PBXGroup;
			children = (
				A5AC1BC42D94B1E20029EB6D /* ActivityKit.framework */,
				A58BBE7B2D945BBE007EEACE /* WidgetKit.framework */,
				A58BBE7D2D945BBF007EEACE /* SwiftUI.framework */,
			);
			name = Frameworks;
			sourceTree = "<group>";
		};
/* End PBXGroup section */

/* Begin PBXNativeTarget section */
		A58BBE2E2D9445BE007EEACE /* FieldMateV2 */ = {
			isa = PBXNativeTarget;
			buildConfigurationList = A58BBE532D9445BF007EEACE /* Build configuration list for PBXNativeTarget "FieldMateV2" */;
			buildPhases = (
				A58BBE2B2D9445BE007EEACE /* Sources */,
				A58BBE2C2D9445BE007EEACE /* Frameworks */,
				A58BBE2D2D9445BE007EEACE /* Resources */,
				A58BBE942D945BBF007EEACE /* Embed Foundation Extensions */,
			);
			buildRules = (
			);
			dependencies = (
				A58BBE8E2D945BBF007EEACE /* PBXTargetDependency */,
			);
			fileSystemSynchronizedGroups = (
				A58BBE312D9445BE007EEACE /* FieldMateV2 */,
			);
			name = FieldMateV2;
			packageProductDependencies = (
			);
			productName = FieldMateV2;
			productReference = A58BBE2F2D9445BE007EEACE /* FieldMateV2.app */;
			productType = "com.apple.product-type.application";
		};
		A58BBE3E2D9445BF007EEACE /* FieldMateV2Tests */ = {
			isa = PBXNativeTarget;
			buildConfigurationList = A58BBE562D9445BF007EEACE /* Build configuration list for PBXNativeTarget "FieldMateV2Tests" */;
			buildPhases = (
				A58BBE3B2D9445BF007EEACE /* Sources */,
				A58BBE3C2D9445BF007EEACE /* Frameworks */,
				A58BBE3D2D9445BF007EEACE /* Resources */,
			);
			buildRules = (
			);
			dependencies = (
				A58BBE412D9445BF007EEACE /* PBXTargetDependency */,
			);
			fileSystemSynchronizedGroups = (
				A58BBE422D9445BF007EEACE /* FieldMateV2Tests */,
			);
			name = FieldMateV2Tests;
			packageProductDependencies = (
			);
			productName = FieldMateV2Tests;
			productReference = A58BBE3F2D9445BF007EEACE /* FieldMateV2Tests.xctest */;
			productType = "com.apple.product-type.bundle.unit-test";
		};
		A58BBE482D9445BF007EEACE /* FieldMateV2UITests */ = {
			isa = PBXNativeTarget;
			buildConfigurationList = A58BBE592D9445BF007EEACE /* Build configuration list for PBXNativeTarget "FieldMateV2UITests" */;
			buildPhases = (
				A58BBE452D9445BF007EEACE /* Sources */,
				A58BBE462D9445BF007EEACE /* Frameworks */,
				A58BBE472D9445BF007EEACE /* Resources */,
			);
			buildRules = (
			);
			dependencies = (
				A58BBE4B2D9445BF007EEACE /* PBXTargetDependency */,
			);
			fileSystemSynchronizedGroups = (
				A58BBE4C2D9445BF007EEACE /* FieldMateV2UITests */,
			);
			name = FieldMateV2UITests;
			packageProductDependencies = (
			);
			productName = FieldMateV2UITests;
			productReference = A58BBE492D9445BF007EEACE /* FieldMateV2UITests.xctest */;
			productType = "com.apple.product-type.bundle.ui-testing";
		};
		A58BBE782D945BBE007EEACE /* FieldMateLiveActivityExtension */ = {
			isa = PBXNativeTarget;
			buildConfigurationList = A58BBE902D945BBF007EEACE /* Build configuration list for PBXNativeTarget "FieldMateLiveActivityExtension" */;
			buildPhases = (
				A58BBE752D945BBE007EEACE /* Sources */,
				A58BBE762D945BBE007EEACE /* Frameworks */,
				A58BBE772D945BBE007EEACE /* Resources */,
				A58BBE9B2D9461FD007EEACE /* Embed Frameworks */,
			);
			buildRules = (
			);
			dependencies = (
			);
			fileSystemSynchronizedGroups = (
				A58BBE7F2D945BBF007EEACE /* FieldMateLiveActivity */,
			);
			name = FieldMateLiveActivityExtension;
			packageProductDependencies = (
			);
			productName = FieldMateLiveActivityExtension;
			productReference = A58BBE792D945BBE007EEACE /* FieldMateLiveActivityExtension.appex */;
			productType = "com.apple.product-type.app-extension";
		};
/* End PBXNativeTarget section */

/* Begin PBXProject section */
		A58BBE272D9445BE007EEACE /* Project object */ = {
			isa = PBXProject;
			attributes = {
				BuildIndependentTargetsInParallel = 1;
				LastSwiftUpdateCheck = 1620;
				LastUpgradeCheck = 1620;
				TargetAttributes = {
					A58BBE2E2D9445BE007EEACE = {
						CreatedOnToolsVersion = 16.2;
					};
					A58BBE3E2D9445BF007EEACE = {
						CreatedOnToolsVersion = 16.2;
						TestTargetID = A58BBE2E2D9445BE007EEACE;
					};
					A58BBE482D9445BF007EEACE = {
						CreatedOnToolsVersion = 16.2;
						TestTargetID = A58BBE2E2D9445BE007EEACE;
					};
					A58BBE782D945BBE007EEACE = {
						CreatedOnToolsVersion = 16.2;
					};
				};
			};
			buildConfigurationList = A58BBE2A2D9445BE007EEACE /* Build configuration list for PBXProject "FieldMateV2" */;
			developmentRegion = en;
			hasScannedForEncodings = 0;
			knownRegions = (
				en,
				Base,
			);
			mainGroup = A58BBE262D9445BE007EEACE;
			minimizedProjectReferenceProxies = 1;
			preferredProjectObjectVersion = 77;
			productRefGroup = A58BBE302D9445BE007EEACE /* Products */;
			projectDirPath = "";
			projectRoot = "";
			targets = (
				A58BBE2E2D9445BE007EEACE /* FieldMateV2 */,
				A58BBE3E2D9445BF007EEACE /* FieldMateV2Tests */,
				A58BBE482D9445BF007EEACE /* FieldMateV2UITests */,
				A58BBE782D945BBE007EEACE /* FieldMateLiveActivityExtension */,
			);
		};
/* End PBXProject section */

/* Begin PBXResourcesBuildPhase section */
		A58BBE2D2D9445BE007EEACE /* Resources */ = {
			isa = PBXResourcesBuildPhase;
			buildActionMask = 2147483647;
			files = (
			);
			runOnlyForDeploymentPostprocessing = 0;
		};
		A58BBE3D2D9445BF007EEACE /* Resources */ = {
			isa = PBXResourcesBuildPhase;
			buildActionMask = 2147483647;
			files = (
			);
			runOnlyForDeploymentPostprocessing = 0;
		};
		A58BBE472D9445BF007EEACE /* Resources */ = {
			isa = PBXResourcesBuildPhase;
			buildActionMask = 2147483647;
			files = (
			);
			runOnlyForDeploymentPostprocessing = 0;
		};
		A58BBE772D945BBE007EEACE /* Resources */ = {
			isa = PBXResourcesBuildPhase;
			buildActionMask = 2147483647;
			files = (
			);
			runOnlyForDeploymentPostprocessing = 0;
		};
/* End PBXResourcesBuildPhase section */

/* Begin PBXSourcesBuildPhase section */
		A58BBE2B2D9445BE007EEACE /* Sources */ = {
			isa = PBXSourcesBuildPhase;
			buildActionMask = 2147483647;
			files = (
			);
			runOnlyForDeploymentPostprocessing = 0;
		};
		A58BBE3B2D9445BF007EEACE /* Sources */ = {
			isa = PBXSourcesBuildPhase;
			buildActionMask = 2147483647;
			files = (
			);
			runOnlyForDeploymentPostprocessing = 0;
		};
		A58BBE452D9445BF007EEACE /* Sources */ = {
			isa = PBXSourcesBuildPhase;
			buildActionMask = 2147483647;
			files = (
			);
			runOnlyForDeploymentPostprocessing = 0;
		};
		A58BBE752D945BBE007EEACE /* Sources */ = {
			isa = PBXSourcesBuildPhase;
			buildActionMask = 2147483647;
			files = (
			);
			runOnlyForDeploymentPostprocessing = 0;
		};
/* End PBXSourcesBuildPhase section */

/* Begin PBXTargetDependency section */
		A58BBE412D9445BF007EEACE /* PBXTargetDependency */ = {
			isa = PBXTargetDependency;
			target = A58BBE2E2D9445BE007EEACE /* FieldMateV2 */;
			targetProxy = A58BBE402D9445BF007EEACE /* PBXContainerItemProxy */;
		};
		A58BBE4B2D9445BF007EEACE /* PBXTargetDependency */ = {
			isa = PBXTargetDependency;
			target = A58BBE2E2D9445BE007EEACE /* FieldMateV2 */;
			targetProxy = A58BBE4A2D9445BF007EEACE /* PBXContainerItemProxy */;
		};
		A58BBE8E2D945BBF007EEACE /* PBXTargetDependency */ = {
			isa = PBXTargetDependency;
			target = A58BBE782D945BBE007EEACE /* FieldMateLiveActivityExtension */;
			targetProxy = A58BBE8D2D945BBF007EEACE /* PBXContainerItemProxy */;
		};
/* End PBXTargetDependency section */

/* Begin XCBuildConfiguration section */
		A58BBE512D9445BF007EEACE /* Debug */ = {
			isa = XCBuildConfiguration;
			buildSettings = {
				ALWAYS_SEARCH_USER_PATHS = NO;
				ASSETCATALOG_COMPILER_GENERATE_SWIFT_ASSET_SYMBOL_EXTENSIONS = YES;
				CLANG_ANALYZER_NONNULL = YES;
				CLANG_ANALYZER_NUMBER_OBJECT_CONVERSION = YES_AGGRESSIVE;
				CLANG_CXX_LANGUAGE_STANDARD = "gnu++20";
				CLANG_ENABLE_MODULES = YES;
				CLANG_ENABLE_OBJC_ARC = YES;
				CLANG_ENABLE_OBJC_WEAK = YES;
				CLANG_WARN_BLOCK_CAPTURE_AUTORELEASING = YES;
				CLANG_WARN_BOOL_CONVERSION = YES;
				CLANG_WARN_COMMA = YES;
				CLANG_WARN_CONSTANT_CONVERSION = YES;
				CLANG_WARN_DEPRECATED_OBJC_IMPLEMENTATIONS = YES;
				CLANG_WARN_DIRECT_OBJC_ISA_USAGE = YES_ERROR;
				CLANG_WARN_DOCUMENTATION_COMMENTS = YES;
				CLANG_WARN_EMPTY_BODY = YES;
				CLANG_WARN_ENUM_CONVERSION = YES;
				CLANG_WARN_INFINITE_RECURSION = YES;
				CLANG_WARN_INT_CONVERSION = YES;
				CLANG_WARN_NON_LITERAL_NULL_CONVERSION = YES;
				CLANG_WARN_OBJC_IMPLICIT_RETAIN_SELF = YES;
				CLANG_WARN_OBJC_LITERAL_CONVERSION = YES;
				CLANG_WARN_OBJC_ROOT_CLASS = YES_ERROR;
				CLANG_WARN_QUOTED_INCLUDE_IN_FRAMEWORK_HEADER = YES;
				CLANG_WARN_RANGE_LOOP_ANALYSIS = YES;
				CLANG_WARN_STRICT_PROTOTYPES = YES;
				CLANG_WARN_SUSPICIOUS_MOVE = YES;
				CLANG_WARN_UNGUARDED_AVAILABILITY = YES_AGGRESSIVE;
				CLANG_WARN_UNREACHABLE_CODE = YES;
				CLANG_WARN__DUPLICATE_METHOD_MATCH = YES;
				COPY_PHASE_STRIP = NO;
				DEBUG_INFORMATION_FORMAT = dwarf;
				ENABLE_STRICT_OBJC_MSGSEND = YES;
				ENABLE_TESTABILITY = YES;
				ENABLE_USER_SCRIPT_SANDBOXING = YES;
				GCC_C_LANGUAGE_STANDARD = gnu17;
				GCC_DYNAMIC_NO_PIC = NO;
				GCC_NO_COMMON_BLOCKS = YES;
				GCC_OPTIMIZATION_LEVEL = 0;
				GCC_PREPROCESSOR_DEFINITIONS = (
					"DEBUG=1",
					"$(inherited)",
				);
				GCC_WARN_64_TO_32_BIT_CONVERSION = YES;
				GCC_WARN_ABOUT_RETURN_TYPE = YES_ERROR;
				GCC_WARN_UNDECLARED_SELECTOR = YES;
				GCC_WARN_UNINITIALIZED_AUTOS = YES_AGGRESSIVE;
				GCC_WARN_UNUSED_FUNCTION = YES;
				GCC_WARN_UNUSED_VARIABLE = YES;
				IPHONEOS_DEPLOYMENT_TARGET = 18.2;
				LOCALIZATION_PREFERS_STRING_CATALOGS = YES;
				MTL_ENABLE_DEBUG_INFO = INCLUDE_SOURCE;
				MTL_FAST_MATH = YES;
				ONLY_ACTIVE_ARCH = YES;
				SDKROOT = iphoneos;
				SWIFT_ACTIVE_COMPILATION_CONDITIONS = "DEBUG $(inherited)";
				SWIFT_OPTIMIZATION_LEVEL = "-Onone";
			};
			name = Debug;
		};
		A58BBE522D9445BF007EEACE /* Release */ = {
			isa = XCBuildConfiguration;
			buildSettings = {
				ALWAYS_SEARCH_USER_PATHS = NO;
				ASSETCATALOG_COMPILER_GENERATE_SWIFT_ASSET_SYMBOL_EXTENSIONS = YES;
				CLANG_ANALYZER_NONNULL = YES;
				CLANG_ANALYZER_NUMBER_OBJECT_CONVERSION = YES_AGGRESSIVE;
				CLANG_CXX_LANGUAGE_STANDARD = "gnu++20";
				CLANG_ENABLE_MODULES = YES;
				CLANG_ENABLE_OBJC_ARC = YES;
				CLANG_ENABLE_OBJC_WEAK = YES;
				CLANG_WARN_BLOCK_CAPTURE_AUTORELEASING = YES;
				CLANG_WARN_BOOL_CONVERSION = YES;
				CLANG_WARN_COMMA = YES;
				CLANG_WARN_CONSTANT_CONVERSION = YES;
				CLANG_WARN_DEPRECATED_OBJC_IMPLEMENTATIONS = YES;
				CLANG_WARN_DIRECT_OBJC_ISA_USAGE = YES_ERROR;
				CLANG_WARN_DOCUMENTATION_COMMENTS = YES;
				CLANG_WARN_EMPTY_BODY = YES;
				CLANG_WARN_ENUM_CONVERSION = YES;
				CLANG_WARN_INFINITE_RECURSION = YES;
				CLANG_WARN_INT_CONVERSION = YES;
				CLANG_WARN_NON_LITERAL_NULL_CONVERSION = YES;
				CLANG_WARN_OBJC_IMPLICIT_RETAIN_SELF = YES;
				CLANG_WARN_OBJC_LITERAL_CONVERSION = YES;
				CLANG_WARN_OBJC_ROOT_CLASS = YES_ERROR;
				CLANG_WARN_QUOTED_INCLUDE_IN_FRAMEWORK_HEADER = YES;
				CLANG_WARN_RANGE_LOOP_ANALYSIS = YES;
				CLANG_WARN_STRICT_PROTOTYPES = YES;
				CLANG_WARN_SUSPICIOUS_MOVE = YES;
				CLANG_WARN_UNGUARDED_AVAILABILITY = YES_AGGRESSIVE;
				CLANG_WARN_UNREACHABLE_CODE = YES;
				CLANG_WARN__DUPLICATE_METHOD_MATCH = YES;
				COPY_PHASE_STRIP = NO;
				DEBUG_INFORMATION_FORMAT = "dwarf-with-dsym";
				ENABLE_NS_ASSERTIONS = NO;
				ENABLE_STRICT_OBJC_MSGSEND = YES;
				ENABLE_USER_SCRIPT_SANDBOXING = YES;
				GCC_C_LANGUAGE_STANDARD = gnu17;
				GCC_NO_COMMON_BLOCKS = YES;
				GCC_WARN_64_TO_32_BIT_CONVERSION = YES;
				GCC_WARN_ABOUT_RETURN_TYPE = YES_ERROR;
				GCC_WARN_UNDECLARED_SELECTOR = YES;
				GCC_WARN_UNINITIALIZED_AUTOS = YES_AGGRESSIVE;
				GCC_WARN_UNUSED_FUNCTION = YES;
				GCC_WARN_UNUSED_VARIABLE = YES;
				IPHONEOS_DEPLOYMENT_TARGET = 18.2;
				LOCALIZATION_PREFERS_STRING_CATALOGS = YES;
				MTL_ENABLE_DEBUG_INFO = NO;
				MTL_FAST_MATH = YES;
				SDKROOT = iphoneos;
				SWIFT_COMPILATION_MODE = wholemodule;
				VALIDATE_PRODUCT = YES;
			};
			name = Release;
		};
		A58BBE542D9445BF007EEACE /* Debug */ = {
			isa = XCBuildConfiguration;
			buildSettings = {
				ASSETCATALOG_COMPILER_APPICON_NAME = AppIcon;
				ASSETCATALOG_COMPILER_GLOBAL_ACCENT_COLOR_NAME = AccentColor;
				CODE_SIGN_STYLE = Automatic;
				CURRENT_PROJECT_VERSION = 1;
				DEVELOPMENT_ASSET_PATHS = "\"FieldMateV2/Preview Content\"";
				DEVELOPMENT_TEAM = 2CXYFC5LAK;
				ENABLE_PREVIEWS = YES;
				GENERATE_INFOPLIST_FILE = YES;
				INFOPLIST_FILE = FieldMateV2/Info.plist;
				INFOPLIST_KEY_UIApplicationSceneManifest_Generation = YES;
				INFOPLIST_KEY_UIApplicationSupportsIndirectInputEvents = YES;
				INFOPLIST_KEY_UILaunchScreen_Generation = YES;
				INFOPLIST_KEY_UISupportedInterfaceOrientations_iPad = "UIInterfaceOrientationPortrait UIInterfaceOrientationPortraitUpsideDown UIInterfaceOrientationLandscapeLeft UIInterfaceOrientationLandscapeRight";
				INFOPLIST_KEY_UISupportedInterfaceOrientations_iPhone = "UIInterfaceOrientationPortrait UIInterfaceOrientationLandscapeLeft UIInterfaceOrientationLandscapeRight";
				LD_RUNPATH_SEARCH_PATHS = (
					"$(inherited)",
					"@executable_path/Frameworks",
				);
				MARKETING_VERSION = 1.0;
				PRODUCT_BUNDLE_IDENTIFIER = AppleDev.FieldMateV2;
				PRODUCT_NAME = "$(TARGET_NAME)";
				SWIFT_EMIT_LOC_STRINGS = YES;
				SWIFT_VERSION = 5.0;
				TARGETED_DEVICE_FAMILY = "1,2";
			};
			name = Debug;
		};
		A58BBE552D9445BF007EEACE /* Release */ = {
			isa = XCBuildConfiguration;
			buildSettings = {
				ASSETCATALOG_COMPILER_APPICON_NAME = AppIcon;
				ASSETCATALOG_COMPILER_GLOBAL_ACCENT_COLOR_NAME = AccentColor;
				CODE_SIGN_STYLE = Automatic;
				CURRENT_PROJECT_VERSION = 1;
				DEVELOPMENT_ASSET_PATHS = "\"FieldMateV2/Preview Content\"";
				DEVELOPMENT_TEAM = 2CXYFC5LAK;
				ENABLE_PREVIEWS = YES;
				GENERATE_INFOPLIST_FILE = YES;
				INFOPLIST_FILE = FieldMateV2/Info.plist;
				INFOPLIST_KEY_UIApplicationSceneManifest_Generation = YES;
				INFOPLIST_KEY_UIApplicationSupportsIndirectInputEvents = YES;
				INFOPLIST_KEY_UILaunchScreen_Generation = YES;
				INFOPLIST_KEY_UISupportedInterfaceOrientations_iPad = "UIInterfaceOrientationPortrait UIInterfaceOrientationPortraitUpsideDown UIInterfaceOrientationLandscapeLeft UIInterfaceOrientationLandscapeRight";
				INFOPLIST_KEY_UISupportedInterfaceOrientations_iPhone = "UIInterfaceOrientationPortrait UIInterfaceOrientationLandscapeLeft UIInterfaceOrientationLandscapeRight";
				LD_RUNPATH_SEARCH_PATHS = (
					"$(inherited)",
					"@executable_path/Frameworks",
				);
				MARKETING_VERSION = 1.0;
				PRODUCT_BUNDLE_IDENTIFIER = AppleDev.FieldMateV2;
				PRODUCT_NAME = "$(TARGET_NAME)";
				SWIFT_EMIT_LOC_STRINGS = YES;
				SWIFT_VERSION = 5.0;
				TARGETED_DEVICE_FAMILY = "1,2";
			};
			name = Release;
		};
		A58BBE572D9445BF007EEACE /* Debug */ = {
			isa = XCBuildConfiguration;
			buildSettings = {
				BUNDLE_LOADER = "$(TEST_HOST)";
				CODE_SIGN_STYLE = Automatic;
				CURRENT_PROJECT_VERSION = 1;
				DEVELOPMENT_TEAM = X38VF9H5UA;
				GENERATE_INFOPLIST_FILE = YES;
				IPHONEOS_DEPLOYMENT_TARGET = 18.2;
				MARKETING_VERSION = 1.0;
				PRODUCT_BUNDLE_IDENTIFIER = AppleDev.FieldMateV2Tests;
				PRODUCT_NAME = "$(TARGET_NAME)";
				SWIFT_EMIT_LOC_STRINGS = NO;
				SWIFT_VERSION = 5.0;
				TARGETED_DEVICE_FAMILY = "1,2";
				TEST_HOST = "$(BUILT_PRODUCTS_DIR)/FieldMateV2.app/$(BUNDLE_EXECUTABLE_FOLDER_PATH)/FieldMateV2";
			};
			name = Debug;
		};
		A58BBE582D9445BF007EEACE /* Release */ = {
			isa = XCBuildConfiguration;
			buildSettings = {
				BUNDLE_LOADER = "$(TEST_HOST)";
				CODE_SIGN_STYLE = Automatic;
				CURRENT_PROJECT_VERSION = 1;
				DEVELOPMENT_TEAM = X38VF9H5UA;
				GENERATE_INFOPLIST_FILE = YES;
				IPHONEOS_DEPLOYMENT_TARGET = 18.2;
				MARKETING_VERSION = 1.0;
				PRODUCT_BUNDLE_IDENTIFIER = AppleDev.FieldMateV2Tests;
				PRODUCT_NAME = "$(TARGET_NAME)";
				SWIFT_EMIT_LOC_STRINGS = NO;
				SWIFT_VERSION = 5.0;
				TARGETED_DEVICE_FAMILY = "1,2";
				TEST_HOST = "$(BUILT_PRODUCTS_DIR)/FieldMateV2.app/$(BUNDLE_EXECUTABLE_FOLDER_PATH)/FieldMateV2";
			};
			name = Release;
		};
		A58BBE5A2D9445BF007EEACE /* Debug */ = {
			isa = XCBuildConfiguration;
			buildSettings = {
				CODE_SIGN_STYLE = Automatic;
				CURRENT_PROJECT_VERSION = 1;
				DEVELOPMENT_TEAM = X38VF9H5UA;
				GENERATE_INFOPLIST_FILE = YES;
				MARKETING_VERSION = 1.0;
				PRODUCT_BUNDLE_IDENTIFIER = AppleDev.FieldMateV2UITests;
				PRODUCT_NAME = "$(TARGET_NAME)";
				SWIFT_EMIT_LOC_STRINGS = NO;
				SWIFT_VERSION = 5.0;
				TARGETED_DEVICE_FAMILY = "1,2";
				TEST_TARGET_NAME = FieldMateV2;
			};
			name = Debug;
		};
		A58BBE5B2D9445BF007EEACE /* Release */ = {
			isa = XCBuildConfiguration;
			buildSettings = {
				CODE_SIGN_STYLE = Automatic;
				CURRENT_PROJECT_VERSION = 1;
				DEVELOPMENT_TEAM = X38VF9H5UA;
				GENERATE_INFOPLIST_FILE = YES;
				MARKETING_VERSION = 1.0;
				PRODUCT_BUNDLE_IDENTIFIER = AppleDev.FieldMateV2UITests;
				PRODUCT_NAME = "$(TARGET_NAME)";
				SWIFT_EMIT_LOC_STRINGS = NO;
				SWIFT_VERSION = 5.0;
				TARGETED_DEVICE_FAMILY = "1,2";
				TEST_TARGET_NAME = FieldMateV2;
			};
			name = Release;
		};
		A58BBE912D945BBF007EEACE /* Debug */ = {
			isa = XCBuildConfiguration;
			buildSettings = {
				ASSETCATALOG_COMPILER_GLOBAL_ACCENT_COLOR_NAME = AccentColor;
				ASSETCATALOG_COMPILER_WIDGET_BACKGROUND_COLOR_NAME = WidgetBackground;
				CODE_SIGN_STYLE = Automatic;
				CURRENT_PROJECT_VERSION = 1;
				DEVELOPMENT_TEAM = 2CXYFC5LAK;
				GENERATE_INFOPLIST_FILE = YES;
				INFOPLIST_FILE = FieldMateLiveActivity/Info.plist;
				INFOPLIST_KEY_CFBundleDisplayName = FieldMateLiveActivity;
				INFOPLIST_KEY_NSHumanReadableCopyright = "";
				LD_RUNPATH_SEARCH_PATHS = (
					"$(inherited)",
					"@executable_path/Frameworks",
					"@executable_path/../../Frameworks",
				);
				MARKETING_VERSION = 1.0;
				PRODUCT_BUNDLE_IDENTIFIER = AppleDev.FieldMateV2.FieldMateLiveActivity;
				PRODUCT_NAME = "$(TARGET_NAME)";
				SKIP_INSTALL = YES;
				SWIFT_EMIT_LOC_STRINGS = YES;
				SWIFT_VERSION = 5.0;
				TARGETED_DEVICE_FAMILY = "1,2";
			};
			name = Debug;
		};
		A58BBE922D945BBF007EEACE /* Release */ = {
			isa = XCBuildConfiguration;
			buildSettings = {
				ASSETCATALOG_COMPILER_GLOBAL_ACCENT_COLOR_NAME = AccentColor;
				ASSETCATALOG_COMPILER_WIDGET_BACKGROUND_COLOR_NAME = WidgetBackground;
				CODE_SIGN_STYLE = Automatic;
				CURRENT_PROJECT_VERSION = 1;
				DEVELOPMENT_TEAM = 2CXYFC5LAK;
				GENERATE_INFOPLIST_FILE = YES;
				INFOPLIST_FILE = FieldMateLiveActivity/Info.plist;
				INFOPLIST_KEY_CFBundleDisplayName = FieldMateLiveActivity;
				INFOPLIST_KEY_NSHumanReadableCopyright = "";
				LD_RUNPATH_SEARCH_PATHS = (
					"$(inherited)",
					"@executable_path/Frameworks",
					"@executable_path/../../Frameworks",
				);
				MARKETING_VERSION = 1.0;
				PRODUCT_BUNDLE_IDENTIFIER = AppleDev.FieldMateV2.FieldMateLiveActivity;
				PRODUCT_NAME = "$(TARGET_NAME)";
				SKIP_INSTALL = YES;
				SWIFT_EMIT_LOC_STRINGS = YES;
				SWIFT_VERSION = 5.0;
				TARGETED_DEVICE_FAMILY = "1,2";
			};
			name = Release;
		};
/* End XCBuildConfiguration section */

/* Begin XCConfigurationList section */
		A58BBE2A2D9445BE007EEACE /* Build configuration list for PBXProject "FieldMateV2" */ = {
			isa = XCConfigurationList;
			buildConfigurations = (
				A58BBE512D9445BF007EEACE /* Debug */,
				A58BBE522D9445BF007EEACE /* Release */,
			);
			defaultConfigurationIsVisible = 0;
			defaultConfigurationName = Release;
		};
		A58BBE532D9445BF007EEACE /* Build configuration list for PBXNativeTarget "FieldMateV2" */ = {
			isa = XCConfigurationList;
			buildConfigurations = (
				A58BBE542D9445BF007EEACE /* Debug */,
				A58BBE552D9445BF007EEACE /* Release */,
			);
			defaultConfigurationIsVisible = 0;
			defaultConfigurationName = Release;
		};
		A58BBE562D9445BF007EEACE /* Build configuration list for PBXNativeTarget "FieldMateV2Tests" */ = {
			isa = XCConfigurationList;
			buildConfigurations = (
				A58BBE572D9445BF007EEACE /* Debug */,
				A58BBE582D9445BF007EEACE /* Release */,
			);
			defaultConfigurationIsVisible = 0;
			defaultConfigurationName = Release;
		};
		A58BBE592D9445BF007EEACE /* Build configuration list for PBXNativeTarget "FieldMateV2UITests" */ = {
			isa = XCConfigurationList;
			buildConfigurations = (
				A58BBE5A2D9445BF007EEACE /* Debug */,
				A58BBE5B2D9445BF007EEACE /* Release */,
			);
			defaultConfigurationIsVisible = 0;
			defaultConfigurationName = Release;
		};
		A58BBE902D945BBF007EEACE /* Build configuration list for PBXNativeTarget "FieldMateLiveActivityExtension" */ = {
			isa = XCConfigurationList;
			buildConfigurations = (
				A58BBE912D945BBF007EEACE /* Debug */,
				A58BBE922D945BBF007EEACE /* Release */,
			);
			defaultConfigurationIsVisible = 0;
			defaultConfigurationName = Release;
		};
/* End XCConfigurationList section */
	};
	rootObject = A58BBE272D9445BE007EEACE /* Project object */;
}
